# This file was autogenerated by uv via the following command:
#    uv pip compile --python-platform linux --python-version 3.12 requirements_test_minimum.txt --output-file requirements_test_minimum.lock
acme==2.10.0
    # via hass-nabucasa
aiodns==3.2.0
    # via homeassistant
aiohttp==3.9.5
    # via
    #   aiohttp-cors
    #   aiohttp-fast-url-dispatcher
    #   aiohttp-fast-zlib
    #   hass-nabucasa
    #   homeassistant
    #   pytest-aiohttp
    #   snitun
aiohttp-cors==0.7.0
    # via homeassistant
aiohttp-fast-url-dispatcher==0.3.0
    # via homeassistant
aiohttp-fast-zlib==0.1.0
    # via homeassistant
aiooui==0.1.9
    # via bluetooth-adapters
aiosignal==1.4.0
    # via aiohttp
aiozoneinfo==0.1.0
    # via homeassistant
anyio==4.14.2
    # via httpx
astral==2.2
    # via homeassistant
async-interrupt==1.1.1
    # via
    #   habluetooth
    #   homeassistant
async-timeout==5.0.1
    # via snitun
atomicwrites-homeassistant==1.4.1
    # via
    #   hass-nabucasa
    #   homeassistant
attrs==23.2.0
    # via
    #   aiohttp
    #   hass-nabucasa
    #   homeassistant
    #   snitun
awesomeversion==24.2.0
    # via homeassistant
bcrypt==4.1.2
    # via homeassistant
bleak==3.0.2
    # via
    #   bleak-retry-connector
    #   bluetooth-adapters
    #   habluetooth
bleak-retry-connector==4.6.3
    # via habluetooth
bluetooth-adapters==2.4.0
    # via
    #   bleak-retry-connector
    #   bluetooth-auto-recovery
    #   habluetooth
bluetooth-auto-recovery==1.6.4
    # via habluetooth
bluetooth-data-tools==1.28.4
    # via habluetooth
boto3==1.43.83
    # via pycognito
botocore==1.43.83
    # via
    #   boto3
    #   s3transfer
btsocket==0.3.0
    # via
    #   bluetooth-auto-recovery
    #   habluetooth
certifi==2026.7.22
    # via
    #   homeassistant
    #   httpcore
    #   httpx
    #   requests
cffi==2.1.1
    # via
    #   cryptography
    #   pycares
charset-normalizer==3.5.1
    # via requests
ciso8601==2.3.1
    # via
    #   hass-nabucasa
    #   homeassistant
coverage==7.5.0
    # via
    #   pytest-cov
    #   pytest-homeassistant-custom-component
cryptography==42.0.5
    # via
    #   acme
    #   bluetooth-data-tools
    #   hass-nabucasa
    #   homeassistant
    #   josepy
    #   pyjwt
    #   pyopenssl
    #   snitun
dbus-fast==5.0.22
    # via
    #   bleak
    #   bleak-retry-connector
    #   bluetooth-adapters
    #   habluetooth
envs==1.4
    # via pycognito
execnet==2.1.2
    # via pytest-xdist
fnv-hash-fast==0.5.0
    # via homeassistant
fnvhash==0.1.0
    # via fnv-hash-fast
freezegun==1.5.0
    # via
    #   pytest-freezer
    #   pytest-homeassistant-custom-component
frozenlist==1.8.0
    # via
    #   aiohttp
    #   aiosignal
greenlet==3.5.5
    # via sqlalchemy
h11==0.16.0
    # via httpcore
habluetooth==6.1.0
    # via home-assistant-bluetooth
hass-nabucasa==0.81.1
    # via homeassistant
home-assistant-bluetooth==1.12.0
    # via homeassistant
homeassistant==2024.6.0
    # via pytest-homeassistant-custom-component
httpcore==1.0.9
    # via httpx
httpx==0.27.0
    # via
    #   homeassistant
    #   respx
idna==3.19
    # via
    #   anyio
    #   httpx
    #   requests
    #   yarl
ifaddr==0.2.0
    # via homeassistant
iniconfig==2.3.0
    # via pytest
jinja2==3.1.4
    # via homeassistant
jmespath==1.1.0
    # via
    #   boto3
    #   botocore
josepy==2.2.0
    # via acme
lru-dict==1.3.0
    # via homeassistant
markupsafe==3.0.3
    # via jinja2
mock-open==1.4.0
    # via pytest-homeassistant-custom-component
multidict==6.7.1
    # via
    #   aiohttp
    #   yarl
numpy==1.26.0
    # via pytest-homeassistant-custom-component
orjson==3.10.3
    # via homeassistant
packaging==26.3
    # via
    #   homeassistant
    #   pipdeptree
    #   pytest
    #   pytest-sugar
paho-mqtt==1.6.1
    # via pytest-homeassistant-custom-component
pillow==10.3.0
    # via homeassistant
pip==26.2.1
    # via
    #   homeassistant
    #   pipdeptree
pipdeptree==2.19.0
    # via pytest-homeassistant-custom-component
pluggy==1.6.0
    # via pytest
psutil==7.2.2
    # via psutil-home-assistant
psutil-home-assistant==0.0.1
    # via homeassistant
pycares==5.0.1
    # via aiodns
pycognito==2024.5.1
    # via hass-nabucasa
pycparser==3.0
    # via cffi
pydantic==1.10.15
    # via pytest-homeassistant-custom-component
pyjwt==2.8.0
    # via
    #   hass-nabucasa
    #   homeassistant
    #   pycognito
pylint-per-file-ignores==1.3.2
    # via pytest-homeassistant-custom-component
pyopenssl==24.1.0
    # via
    #   acme
    #   homeassistant
pyrfc3339==2.1.0
    # via acme
pyric==0.1.6.3
    # via bluetooth-auto-recovery
pytest==8.2.0
    # via
    #   pytest-aiohttp
    #   pytest-asyncio
    #   pytest-cov
    #   pytest-freezer
    #   pytest-github-actions-annotate-failures
    #   pytest-homeassistant-custom-component
    #   pytest-picked
    #   pytest-socket
    #   pytest-sugar
    #   pytest-timeout
    #   pytest-unordered
    #   pytest-xdist
    #   syrupy
pytest-aiohttp==1.0.5
    # via pytest-homeassistant-custom-component
pytest-asyncio==0.23.6
    # via
    #   pytest-aiohttp
    #   pytest-homeassistant-custom-component
pytest-cov==5.0.0
    # via pytest-homeassistant-custom-component
pytest-freezer==0.4.8
    # via pytest-homeassistant-custom-component
pytest-github-actions-annotate-failures==0.2.0
    # via pytest-homeassistant-custom-component
pytest-homeassistant-custom-component==0.13.132
    # via -r requirements_test_minimum.txt
pytest-picked==0.5.0
    # via pytest-homeassistant-custom-component
pytest-socket==0.7.0
    # via pytest-homeassistant-custom-component
pytest-sugar==1.0.0
    # via pytest-homeassistant-custom-component
pytest-timeout==2.3.1
    # via pytest-homeassistant-custom-component
pytest-unordered==0.6.0
    # via pytest-homeassistant-custom-component
pytest-xdist==3.6.1
    # via pytest-homeassistant-custom-component
python-dateutil==2.9.0.post0
    # via
    #   botocore
    #   freezegun
python-slugify==8.0.4
    # via homeassistant
pytz==2026.3.post1
    # via
    #   acme
    #   astral
pyyaml==6.0.1
    # via homeassistant
requests==2.31.0
    # via
    #   acme
    #   homeassistant
    #   pycognito
    #   requests-mock
requests-mock==1.12.1
    # via pytest-homeassistant-custom-component
respx==0.21.1
    # via pytest-homeassistant-custom-component
ruff==0.16.4
    # via -r requirements_test_minimum.txt
s3transfer==0.19.2
    # via boto3
setuptools==84.0.0
    # via acme
six==1.17.0
    # via python-dateutil
sniffio==1.3.1
    # via httpx
snitun==0.39.1
    # via hass-nabucasa
sqlalchemy==2.0.30
    # via
    #   homeassistant
    #   pytest-homeassistant-custom-component
syrupy==4.6.1
    # via pytest-homeassistant-custom-component
termcolor==3.3.0
    # via pytest-sugar
text-unidecode==1.3
    # via python-slugify
tqdm==4.66.4
    # via pytest-homeassistant-custom-component
typing-extensions==4.16.0
    # via
    #   aiosignal
    #   anyio
    #   homeassistant
    #   pydantic
    #   sqlalchemy
tzdata==2026.3
    # via aiozoneinfo
uart-devices==0.1.1
    # via bluetooth-adapters
ulid-transform==0.9.0
    # via homeassistant
urllib3==1.26.20
    # via
    #   botocore
    #   homeassistant
    #   requests
usb-devices==0.5.1
    # via
    #   bluetooth-adapters
    #   bluetooth-auto-recovery
uv==0.1.43
    # via pytest-homeassistant-custom-component
voluptuous==0.13.1
    # via
    #   homeassistant
    #   voluptuous-serialize
voluptuous-serialize==2.6.0
    # via homeassistant
yarl==1.9.4
    # via
    #   aiohttp
    #   homeassistant
